
Microsoft Visual Studio Solution File, Format Version 12.00
# Visual Studio Version 17
VisualStudioVersion = 17.3.32611.2
MinimumVisualStudioVersion = 10.0.40219.1
Project("{FAE04EC0-301F-11D3-BF4B-00C04F79EFBC}") = "bakers", "bakers\bakers.csproj", "{601C73B1-CEFC-46AA-8C87-7063ECB164C8}"
EndProject
Global
	GlobalSection(SolutionConfigurationPlatforms) = preSolution
		Debug|Any CPU = Debug|Any CPU
		Release|Any CPU = Release|Any CPU
	EndGlobalSection
	GlobalSection(ProjectConfigurationPlatforms) = postSolution
		{601C73B1-CEFC-46AA-8C87-7063ECB164C8}.Debug|Any CPU.ActiveCfg = Debug|Any CPU
		{601C73B1-CEFC-46AA-8C87-7063ECB164C8}.Debug|Any CPU.Build.0 = Debug|Any CPU
		{601C73B1-CEFC-46AA-8C87-7063ECB164C8}.Release|Any CPU.ActiveCfg = Release|Any CPU
		{601C73B1-CEFC-46AA-8C87-7063ECB164C8}.Release|Any CPU.Build.0 = Release|Any CPU
	EndGlobalSection
	GlobalSection(SolutionProperties) = preSolution
		HideSolutionNode = FALSE
	EndGlobalSection
	GlobalSection(ExtensibilityGlobals) = postSolution
		SolutionGuid = {7FB0D68B-41D2-499B-B515-782DD8E7BEA1}
	EndGlobalSection
EndGlobal
